
Microsoft Visual Studio Solution File, Format Version 12.00
# Visual Studio Version 17
VisualStudioVersion = 17.5.33502.453
MinimumVisualStudioVersion = 10.0.40219.1
Project("{FAE04EC0-301F-11D3-BF4B-00C04F79EFBC}") = "ManagementEmp", "ManagementEmp\ManagementEmp.csproj", "{B973B484-A4ED-4279-BFC5-C99C91291687}"
EndProject
Global
	GlobalSection(SolutionConfigurationPlatforms) = preSolution
		Debug|Any CPU = Debug|Any CPU
		Release|Any CPU = Release|Any CPU
	EndGlobalSection
	GlobalSection(ProjectConfigurationPlatforms) = postSolution
		{B973B484-A4ED-4279-BFC5-C99C91291687}.Debug|Any CPU.ActiveCfg = Debug|Any CPU
		{B973B484-A4ED-4279-BFC5-C99C91291687}.Debug|Any CPU.Build.0 = Debug|Any CPU
		{B973B484-A4ED-4279-BFC5-C99C91291687}.Release|Any CPU.ActiveCfg = Release|Any CPU
		{B973B484-A4ED-4279-BFC5-C99C91291687}.Release|Any CPU.Build.0 = Release|Any CPU
	EndGlobalSection
	GlobalSection(SolutionProperties) = preSolution
		HideSolutionNode = FALSE
	EndGlobalSection
	GlobalSection(ExtensibilityGlobals) = postSolution
		SolutionGuid = {269AC3FB-511C-4151-99CC-D3610934E33C}
	EndGlobalSection
EndGlobal
